
Microsoft Visual Studio Solution File, Format Version 12.00
# Visual Studio 15
VisualStudioVersion = 15.0.28307.329
MinimumVisualStudioVersion = 10.0.40219.1
Project("{FAE04EC0-301F-11D3-BF4B-00C04F79EFBC}") = "MyPatterms", "MyPatterms\MyPatterms.csproj", "{DB9B1496-E5AF-4A6A-B04D-5CB4D5898C18}"
EndProject
Project("{FAE04EC0-301F-11D3-BF4B-00C04F79EFBC}") = "MyPatterms.Mediator", "MyPatterms.Mediator\MyPatterms.Mediator.csproj", "{95D83B15-06F2-45DA-A7E0-3B889C0658D7}"
EndProject
Global
	GlobalSection(SolutionConfigurationPlatforms) = preSolution
		Debug|Any CPU = Debug|Any CPU
		Release|Any CPU = Release|Any CPU
	EndGlobalSection
	GlobalSection(ProjectConfigurationPlatforms) = postSolution
		{DB9B1496-E5AF-4A6A-B04D-5CB4D5898C18}.Debug|Any CPU.ActiveCfg = Debug|Any CPU
		{DB9B1496-E5AF-4A6A-B04D-5CB4D5898C18}.Debug|Any CPU.Build.0 = Debug|Any CPU
		{DB9B1496-E5AF-4A6A-B04D-5CB4D5898C18}.Release|Any CPU.ActiveCfg = Release|Any CPU
		{DB9B1496-E5AF-4A6A-B04D-5CB4D5898C18}.Release|Any CPU.Build.0 = Release|Any CPU
		{95D83B15-06F2-45DA-A7E0-3B889C0658D7}.Debug|Any CPU.ActiveCfg = Debug|Any CPU
		{95D83B15-06F2-45DA-A7E0-3B889C0658D7}.Debug|Any CPU.Build.0 = Debug|Any CPU
		{95D83B15-06F2-45DA-A7E0-3B889C0658D7}.Release|Any CPU.ActiveCfg = Release|Any CPU
		{95D83B15-06F2-45DA-A7E0-3B889C0658D7}.Release|Any CPU.Build.0 = Release|Any CPU
	EndGlobalSection
	GlobalSection(SolutionProperties) = preSolution
		HideSolutionNode = FALSE
	EndGlobalSection
	GlobalSection(ExtensibilityGlobals) = postSolution
		SolutionGuid = {062E184C-1A89-4ABF-A4F6-6CEA9B95372C}
	EndGlobalSection
EndGlobal
