
Microsoft Visual Studio Solution File, Format Version 12.00
# Visual Studio Version 16
VisualStudioVersion = 16.0.30011.22
MinimumVisualStudioVersion = 10.0.40219.1
Project("{FAE04EC0-301F-11D3-BF4B-00C04F79EFBC}") = "MyPatterms", "MyPatterms\MyPatterms.csproj", "{DB9B1496-E5AF-4A6A-B04D-5CB4D5898C18}"
EndProject
Project("{FAE04EC0-301F-11D3-BF4B-00C04F79EFBC}") = "MyPatterms.Mediator", "MyPatterms.Mediator\MyPatterms.Mediator.csproj", "{95D83B15-06F2-45DA-A7E0-3B889C0658D7}"
EndProject
Project("{FAE04EC0-301F-11D3-BF4B-00C04F79EFBC}") = "MyPatterms.Builder", "MyPatterms.Builder\MyPatterms.Builder.csproj", "{C2B833B5-46B2-4F62-96D1-4EB8E611EB23}"
EndProject
Project("{FAE04EC0-301F-11D3-BF4B-00C04F79EFBC}") = "MyPatterms.ChainOfResponsibility", "MyPatterms.ChainOfResponsibility\MyPatterms.ChainOfResponsibility.csproj", "{F3608778-214F-488D-B98C-64804FB63886}"
EndProject
Project("{FAE04EC0-301F-11D3-BF4B-00C04F79EFBC}") = "MyPatterms.Decorator", "MyPatterms.Decorator\MyPatterms.Decorator.csproj", "{B1676CF8-D0EF-4E34-9CAB-F8CEF9C6633A}"
EndProject
Global
	GlobalSection(SolutionConfigurationPlatforms) = preSolution
		Debug|Any CPU = Debug|Any CPU
		Release|Any CPU = Release|Any CPU
	EndGlobalSection
	GlobalSection(ProjectConfigurationPlatforms) = postSolution
		{DB9B1496-E5AF-4A6A-B04D-5CB4D5898C18}.Debug|Any CPU.ActiveCfg = Debug|Any CPU
		{DB9B1496-E5AF-4A6A-B04D-5CB4D5898C18}.Debug|Any CPU.Build.0 = Debug|Any CPU
		{DB9B1496-E5AF-4A6A-B04D-5CB4D5898C18}.Release|Any CPU.ActiveCfg = Release|Any CPU
		{DB9B1496-E5AF-4A6A-B04D-5CB4D5898C18}.Release|Any CPU.Build.0 = Release|Any CPU
		{95D83B15-06F2-45DA-A7E0-3B889C0658D7}.Debug|Any CPU.ActiveCfg = Debug|Any CPU
		{95D83B15-06F2-45DA-A7E0-3B889C0658D7}.Debug|Any CPU.Build.0 = Debug|Any CPU
		{95D83B15-06F2-45DA-A7E0-3B889C0658D7}.Release|Any CPU.ActiveCfg = Release|Any CPU
		{95D83B15-06F2-45DA-A7E0-3B889C0658D7}.Release|Any CPU.Build.0 = Release|Any CPU
		{C2B833B5-46B2-4F62-96D1-4EB8E611EB23}.Debug|Any CPU.ActiveCfg = Debug|Any CPU
		{C2B833B5-46B2-4F62-96D1-4EB8E611EB23}.Debug|Any CPU.Build.0 = Debug|Any CPU
		{C2B833B5-46B2-4F62-96D1-4EB8E611EB23}.Release|Any CPU.ActiveCfg = Release|Any CPU
		{C2B833B5-46B2-4F62-96D1-4EB8E611EB23}.Release|Any CPU.Build.0 = Release|Any CPU
		{F3608778-214F-488D-B98C-64804FB63886}.Debug|Any CPU.ActiveCfg = Debug|Any CPU
		{F3608778-214F-488D-B98C-64804FB63886}.Debug|Any CPU.Build.0 = Debug|Any CPU
		{F3608778-214F-488D-B98C-64804FB63886}.Release|Any CPU.ActiveCfg = Release|Any CPU
		{F3608778-214F-488D-B98C-64804FB63886}.Release|Any CPU.Build.0 = Release|Any CPU
		{B1676CF8-D0EF-4E34-9CAB-F8CEF9C6633A}.Debug|Any CPU.ActiveCfg = Debug|Any CPU
		{B1676CF8-D0EF-4E34-9CAB-F8CEF9C6633A}.Debug|Any CPU.Build.0 = Debug|Any CPU
		{B1676CF8-D0EF-4E34-9CAB-F8CEF9C6633A}.Release|Any CPU.ActiveCfg = Release|Any CPU
		{B1676CF8-D0EF-4E34-9CAB-F8CEF9C6633A}.Release|Any CPU.Build.0 = Release|Any CPU
	EndGlobalSection
	GlobalSection(SolutionProperties) = preSolution
		HideSolutionNode = FALSE
	EndGlobalSection
	GlobalSection(ExtensibilityGlobals) = postSolution
		SolutionGuid = {062E184C-1A89-4ABF-A4F6-6CEA9B95372C}
	EndGlobalSection
EndGlobal
